
Microsoft Visual Studio Solution File, Format Version 12.00
# Visual Studio Version 17
VisualStudioVersion = 17.8.34330.188
MinimumVisualStudioVersion = 10.0.40219.1
Project("{FAE04EC0-301F-11D3-BF4B-00C04F79EFBC}") = "Cadastro e Listagem de produtos", "Cadastro e Listagem de produtos.csproj", "{905DFF43-9B1B-4420-A205-DA645D6937B2}"
EndProject
Global
	GlobalSection(SolutionConfigurationPlatforms) = preSolution
		Debug|Any CPU = Debug|Any CPU
		Release|Any CPU = Release|Any CPU
	EndGlobalSection
	GlobalSection(ProjectConfigurationPlatforms) = postSolution
		{905DFF43-9B1B-4420-A205-DA645D6937B2}.Debug|Any CPU.ActiveCfg = Debug|Any CPU
		{905DFF43-9B1B-4420-A205-DA645D6937B2}.Debug|Any CPU.Build.0 = Debug|Any CPU
		{905DFF43-9B1B-4420-A205-DA645D6937B2}.Release|Any CPU.ActiveCfg = Release|Any CPU
		{905DFF43-9B1B-4420-A205-DA645D6937B2}.Release|Any CPU.Build.0 = Release|Any CPU
	EndGlobalSection
	GlobalSection(SolutionProperties) = preSolution
		HideSolutionNode = FALSE
	EndGlobalSection
	GlobalSection(ExtensibilityGlobals) = postSolution
		SolutionGuid = {12B28B20-A20A-4B36-9DE8-1C2299A624B2}
	EndGlobalSection
EndGlobal
